{
  "nodes": {
    "brew-src": {
      "flake": false,
      "locked": {
        "lastModified": 1787796349,
        "narHash": "sha256-5s+MJAFyemD6lvrtL2c0jQ7P/XChdx1MPXzoCaQY+ic=",
        "owner": "Homebrew",
        "repo": "brew",
        "rev": "3e3da86e4eaccd23f4ce43df9b0a31b16c707347",
        "type": "github"
      },
      "original": {
        "owner": "Homebrew",
        "ref": "6.0.20",
        "repo": "brew",
        "type": "github"
      }
    },
    "flake-compat": {
      "flake": false,
      "locked": {
        "lastModified": 1767039857,
        "narHash": "sha256-vNpUSpF5Nuw8xvDLj2KCwwksIbjua2LZCqhV1LNRDns=",
        "owner": "edolstra",
        "repo": "flake-compat",
        "rev": "5edf11c44bc78a0d334f6334cdaf7d60d732daab",
        "type": "github"
      },
      "original": {
        "owner": "edolstra",
        "repo": "flake-compat",
        "type": "github"
      }
    },
    "home-manager": {
      "inputs": {
        "nixpkgs": [
          "nixpkgs"
        ]
      },
      "locked": {
        "lastModified": 1788458226,
        "narHash": "sha256-UZTAlg8iKVEmyEXakzKmukrzFIKrXezYsRy9vajDrGw=",
        "owner": "nix-community",
        "repo": "home-manager",
        "rev": "aa308770461dcf22c333a5e8a31c8bddbde5bee9",
        "type": "github"
      },
      "original": {
        "owner": "nix-community",
        "repo": "home-manager",
        "type": "github"
      }
    },
    "nix-darwin": {
      "inputs": {
        "nixpkgs": [
          "nixpkgs"
        ]
      },
      "locked": {
        "lastModified": 1786845137,
        "narHash": "sha256-oQFip+v0luP8NIxJzmiW4Wu8bILsbFWom5l0zonl8hQ=",
        "owner": "LnL7",
        "repo": "nix-darwin",
        "rev": "4cff07de74b50e64bdd68cd4e722ab5b6b35ee48",
        "type": "github"
      },
      "original": {
        "owner": "LnL7",
        "repo": "nix-darwin",
        "type": "github"
      }
    },
    "nix-homebrew": {
      "inputs": {
        "brew-src": "brew-src"
      },
      "locked": {
        "lastModified": 1788444135,
        "narHash": "sha256-ChwTDZPvTmEgZdS30dUfgdXlzAPtZAUWwEH/PfDXZmg=",
        "owner": "zhaofengli-wip",
        "repo": "nix-homebrew",
        "rev": "ec8417a617de4d3c739aed40837e308ebd667165",
        "type": "github"
      },
      "original": {
        "owner": "zhaofengli-wip",
        "repo": "nix-homebrew",
        "type": "github"
      }
    },
    "nixos-wsl": {
      "inputs": {
        "flake-compat": "flake-compat",
        "nixpkgs": [
          "nixpkgs"
        ]
      },
      "locked": {
        "lastModified": 1784642409,
        "narHash": "sha256-hcbDqFuySAJawljt5r0sKBCJKYnbtGD0T/ZIozH1Dq0=",
        "owner": "nix-community",
        "repo": "nixos-wsl",
        "rev": "eaeb18da90024448a60eb1ec7132eafa4003404e",
        "type": "github"
      },
      "original": {
        "owner": "nix-community",
        "repo": "nixos-wsl",
        "type": "github"
      }
    },
    "nixpkgs": {
      "locked": {
        "lastModified": 1788372231,
        "narHash": "sha256-7aqErvrAEz/5OcPA5p3M+tVOqeYc4oJXkNIPXfCqxAw=",
        "owner": "NixOS",
        "repo": "nixpkgs",
        "rev": "9387b3fcc0c23c86661636da63faabad4235a0a6",
        "type": "github"
      },
      "original": {
        "owner": "NixOS",
        "ref": "nixpkgs-unstable",
        "repo": "nixpkgs",
        "type": "github"
      }
    },
    "ponytail": {
      "flake": false,
      "locked": {
        "lastModified": 1781610992,
        "narHash": "sha256-Q6vlkbTfBFrNFTxEwYeMe5ciOe6QdULegvExwT//gJs=",
        "owner": "DietrichGebert",
        "repo": "ponytail",
        "rev": "adad50d9b393926b2dd5ed7225dcb1848b9df408",
        "type": "github"
      },
      "original": {
        "owner": "DietrichGebert",
        "ref": "v4.7.0",
        "repo": "ponytail",
        "type": "github"
      }
    },
    "root": {
      "inputs": {
        "home-manager": "home-manager",
        "nix-darwin": "nix-darwin",
        "nix-homebrew": "nix-homebrew",
        "nixos-wsl": "nixos-wsl",
        "nixpkgs": "nixpkgs",
        "ponytail": "ponytail"
      }
    }
  },
  "root": "root",
  "version": 7
}
